version = 1
revision = 1
requires-python = ">=3.13"

[[package]]
name = "argcomplete"
version = "3.6.0"
source = { registry = "https://pypi.org/simple" }
sdist = { url = "https://files.pythonhosted.org/packages/ee/be/29abccb5d9f61a92886a2fba2ac22bf74326b5c4f55d36d0a56094630589/argcomplete-3.6.0.tar.gz", hash = "sha256:2e4e42ec0ba2fff54b0d244d0b1623e86057673e57bafe72dda59c64bd5dee8b", size = 73135 }
wheels = [
    { url = "https://files.pythonhosted.org/packages/08/94/e786d91ccc3a1fc664c20332825b73da20928eb067cdc984b821948a1acc/argcomplete-3.6.0-py3-none-any.whl", hash = "sha256:4e3e4e10beb20e06444dbac0ac8dda650cb6349caeefe980208d3c548708bedd", size = 43769 },
]

[[package]]
name = "bitarray"
version = "3.2.0"
source = { registry = "https://pypi.org/simple" }
sdist = { url = "https://files.pythonhosted.org/packages/70/e2/b80354798b87e4b6918ba0ad71d30da3e14c83ea38cb4a4e609d49501dd3/bitarray-3.2.0.tar.gz", hash = "sha256:f766d1c6a5cbb1f87cb8ce0ff46cefda681cc2f9bef971908f914b2862409922", size = 137064 }
wheels = [
    { url = "https://files.pythonhosted.org/packages/d7/49/7e077bb049a5a626c57c45cfb84a428ab7daecc40a37825345502603d1b6/bitarray-3.2.0-cp313-cp313-macosx_10_13_x86_64.whl", hash = "sha256:78ac80a4c00bf839f59f1cc464f107432be833c54427979683073fae632631bd", size = 133274 },
    { url = "https://files.pythonhosted.org/packages/6d/f1/26caf2d400f5a1fb504f4b040953425098338834e42f742b94d87000b1c8/bitarray-3.2.0-cp313-cp313-macosx_11_0_arm64.whl", hash = "sha256:aa9093a50f71ea767fce49306bc665554b7f6131badb76b1b6fd3244b4d215a5", size = 130251 },
    { url = "https://files.pythonhosted.org/packages/32/58/e6eff8c7e769b00fb5e983322fdb037f7359ef4e53872d90c480f05ef3f7/bitarray-3.2.0-cp313-cp313-manylinux_2_17_aarch64.manylinux2014_aarch64.whl", hash = "sha256:ac1aef0cb7ad81d905adb8f69213261c401bdfd7b2ddae1799f82a75def37553", size = 304197 },
    { url = "https://files.pythonhosted.org/packages/24/b5/3399b2ba878773bd6e452acbdf26295cfbbc00c41c832d1c6e4579929f49/bitarray-3.2.0-cp313-cp313-manylinux_2_17_ppc64le.manylinux2014_ppc64le.whl", hash = "sha256:c40a6d5874b252e26fa9866965cbea09174b067ff7915f78b01acd46aaa5453b", size = 318066 },
    { url = "https://files.pythonhosted.org/packages/15/7c/56db3fb6b69463ca1416856bcf335614fe2ac905f127c36c7227cbe0f187/bitarray-3.2.0-cp313-cp313-manylinux_2_17_s390x.manylinux2014_s390x.whl", hash = "sha256:e03b20fd3a468f61bbf01fcf99d7e07625517a50daa4a6b4829984d42bf7573a", size = 320376 },
    { url = "https://files.pythonhosted.org/packages/8f/fb/80c131dc5264bc1555850bec57382d85558d34d73ea5002b03b5bd98da20/bitarray-3.2.0-cp313-cp313-manylinux_2_17_x86_64.manylinux2014_x86_64.whl", hash = "sha256:1b5459c85051292ba8a79258fd932eaf44ba403382485a9785269dd8ddad9894", size = 304992 },
    { url = "https://files.pythonhosted.org/packages/72/50/5a6635c38fd000a0847c95dd6af7cdbe4be1ea50060d70be3718421ef753/bitarray-3.2.0-cp313-cp313-manylinux_2_5_i686.manylinux1_i686.manylinux_2_17_i686.manylinux2014_i686.whl", hash = "sha256:0e8988371ffa0358f00735bbd537624afbc98e23e54d057b632c29a257302352", size = 294392 },
    { url = "https://files.pythonhosted.org/packages/e3/56/4569af42fb422012fd93af5476fe06036cf4aa48a401e5cd86bbdc8365fe/bitarray-3.2.0-cp313-cp313-musllinux_1_2_aarch64.whl", hash = "sha256:1aa575094241806aca9c508d14413cae257a06fcbec8650557d589a76bb95866", size = 298301 },
    { url = "https://files.pythonhosted.org/packages/25/6a/8d1e5a71c1210b4a664cfe129420e118589a27312e44b3780562dd84481b/bitarray-3.2.0-cp313-cp313-musllinux_1_2_i686.whl", hash = "sha256:7f27c9c07f20b5bb0ef93a7796c28d647f23b6f44711694204d48261bd14d4bb", size = 290283 },
    { url = "https://files.pythonhosted.org/packages/f1/43/335c3ac8e29c7c20e01c1a6ac3daf12636679a9ad1b39e24c9b61a327050/bitarray-3.2.0-cp313-cp313-musllinux_1_2_ppc64le.whl", hash = "sha256:3847b249fd29ac5e6881032b12d8fadad30fbbcb8a3f517c2357b7a63b65781e", size = 313692 },
    { url = "https://files.pythonhosted.org/packages/7d/81/595e2c0be019e4528334446dd7b66862d3af4a20e573cd868d055ca7df11/bitarray-3.2.0-cp313-cp313-musllinux_1_2_s390x.whl", hash = "sha256:263cb59c4231f82955af2f9db2c0f656912777cc672dfe6338b764cccd032251", size = 325495 },
    { url = "https://files.pythonhosted.org/packages/45/8b/2880c3eed265791fedd5f86bbaf24b296aa1a751f9eb418d5e334793b603/bitarray-3.2.0-cp313-cp313-musllinux_1_2_x86_64.whl", hash = "sha256:916790ce07d174d569ba2e4a49a49a3071c92ef5b74bb6863e6cbcca957b7ea6", size = 297372 },
    { url = "https://files.pythonhosted.org/packages/26/fc/446f1771384686027fe62201f3f4bd0dad70077b1b7eea59f9654a2ad29e/bitarray-3.2.0-cp313-cp313-win32.whl", hash = "sha256:ff7e3683c04dda5f25d2c7d5d82454208bc4b6136f06370dcdd4f260a9a5adf4", size = 128525 },
    { url = "https://files.pythonhosted.org/packages/f0/b1/0c2ef11bef0cb4bf5d2767bd9af708487fc465ba84fcaae59cde9c996f00/bitarray-3.2.0-cp313-cp313-win_amd64.whl", hash = "sha256:97fccbbb071e2ba40210262027a8e8908ad6096ebe6ec30507e916f07fe7fc27", size = 134988 },
]

[[package]]
name = "bitstring"
version = "4.3.1"
source = { registry = "https://pypi.org/simple" }
dependencies = [
    { name = "bitarray" },
]
sdist = { url = "https://files.pythonhosted.org/packages/15/a8/a80c890db75d5bdd5314b5de02c4144c7de94fd0cefcae51acaeb14c6a3f/bitstring-4.3.1.tar.gz", hash = "sha256:a08bc09d3857216d4c0f412a1611056f1cc2b64fd254fb1e8a0afba7cfa1a95a", size = 251426 }
wheels = [
    { url = "https://files.pythonhosted.org/packages/75/2d/174566b533755ddf8efb32a5503af61c756a983de379f8ad3aed6a982d38/bitstring-4.3.1-py3-none-any.whl", hash = "sha256:69d1587f0ac18dc7d93fc7e80d5f447161a33e57027e726dc18a0a8bacf1711a", size = 71930 },
]

[[package]]
name = "cffi"
version = "1.17.1"
source = { registry = "https://pypi.org/simple" }
dependencies = [
    { name = "pycparser" },
]
sdist = { url = "https://files.pythonhosted.org/packages/fc/97/c783634659c2920c3fc70419e3af40972dbaf758daa229a7d6ea6135c90d/cffi-1.17.1.tar.gz", hash = "sha256:1c39c6016c32bc48dd54561950ebd6836e1670f2ae46128f67cf49e789c52824", size = 516621 }
wheels = [
    { url = "https://files.pythonhosted.org/packages/8d/f8/dd6c246b148639254dad4d6803eb6a54e8c85c6e11ec9df2cffa87571dbe/cffi-1.17.1-cp313-cp313-macosx_10_13_x86_64.whl", hash = "sha256:f3a2b4222ce6b60e2e8b337bb9596923045681d71e5a082783484d845390938e", size = 182989 },
    { url = "https://files.pythonhosted.org/packages/8b/f1/672d303ddf17c24fc83afd712316fda78dc6fce1cd53011b839483e1ecc8/cffi-1.17.1-cp313-cp313-macosx_11_0_arm64.whl", hash = "sha256:0984a4925a435b1da406122d4d7968dd861c1385afe3b45ba82b750f229811e2", size = 178802 },
    { url = "https://files.pythonhosted.org/packages/0e/2d/eab2e858a91fdff70533cab61dcff4a1f55ec60425832ddfdc9cd36bc8af/cffi-1.17.1-cp313-cp313-manylinux_2_12_i686.manylinux2010_i686.manylinux_2_17_i686.manylinux2014_i686.whl", hash = "sha256:d01b12eeeb4427d3110de311e1774046ad344f5b1a7403101878976ecd7a10f3", size = 454792 },
    { url = "https://files.pythonhosted.org/packages/75/b2/fbaec7c4455c604e29388d55599b99ebcc250a60050610fadde58932b7ee/cffi-1.17.1-cp313-cp313-manylinux_2_17_aarch64.manylinux2014_aarch64.whl", hash = "sha256:706510fe141c86a69c8ddc029c7910003a17353970cff3b904ff0686a5927683", size = 478893 },
    { url = "https://files.pythonhosted.org/packages/4f/b7/6e4a2162178bf1935c336d4da8a9352cccab4d3a5d7914065490f08c0690/cffi-1.17.1-cp313-cp313-manylinux_2_17_ppc64le.manylinux2014_ppc64le.whl", hash = "sha256:de55b766c7aa2e2a3092c51e0483d700341182f08e67c63630d5b6f200bb28e5", size = 485810 },
    { url = "https://files.pythonhosted.org/packages/c7/8a/1d0e4a9c26e54746dc08c2c6c037889124d4f59dffd853a659fa545f1b40/cffi-1.17.1-cp313-cp313-manylinux_2_17_s390x.manylinux2014_s390x.whl", hash = "sha256:c59d6e989d07460165cc5ad3c61f9fd8f1b4796eacbd81cee78957842b834af4", size = 471200 },
    { url = "https://files.pythonhosted.org/packages/26/9f/1aab65a6c0db35f43c4d1b4f580e8df53914310afc10ae0397d29d697af4/cffi-1.17.1-cp313-cp313-manylinux_2_17_x86_64.manylinux2014_x86_64.whl", hash = "sha256:dd398dbc6773384a17fe0d3e7eeb8d1a21c2200473ee6806bb5e6a8e62bb73dd", size = 479447 },
    { url = "https://files.pythonhosted.org/packages/5f/e4/fb8b3dd8dc0e98edf1135ff067ae070bb32ef9d509d6cb0f538cd6f7483f/cffi-1.17.1-cp313-cp313-musllinux_1_1_aarch64.whl", hash = "sha256:3edc8d958eb099c634dace3c7e16560ae474aa3803a5df240542b305d14e14ed", size = 484358 },
    { url = "https://files.pythonhosted.org/packages/f1/47/d7145bf2dc04684935d57d67dff9d6d795b2ba2796806bb109864be3a151/cffi-1.17.1-cp313-cp313-musllinux_1_1_x86_64.whl", hash = "sha256:72e72408cad3d5419375fc87d289076ee319835bdfa2caad331e377589aebba9", size = 488469 },
    { url = "https://files.pythonhosted.org/packages/bf/ee/f94057fa6426481d663b88637a9a10e859e492c73d0384514a17d78ee205/cffi-1.17.1-cp313-cp313-win32.whl", hash = "sha256:e03eab0a8677fa80d646b5ddece1cbeaf556c313dcfac435ba11f107ba117b5d", size = 172475 },
    { url = "https://files.pythonhosted.org/packages/7c/fc/6a8cb64e5f0324877d503c854da15d76c1e50eb722e320b15345c4d0c6de/cffi-1.17.1-cp313-cp313-win_amd64.whl", hash = "sha256:f6a16c31041f09ead72d69f583767292f750d24913dadacf5756b966aacb3f1a", size = 182009 },
]

[[package]]
name = "cryptography"
version = "44.0.2"
source = { registry = "https://pypi.org/simple" }
dependencies = [
    { name = "cffi", marker = "platform_python_implementation != 'PyPy'" },
]
sdist = { url = "https://files.pythonhosted.org/packages/cd/25/4ce80c78963834b8a9fd1cc1266be5ed8d1840785c0f2e1b73b8d128d505/cryptography-44.0.2.tar.gz", hash = "sha256:c63454aa261a0cf0c5b4718349629793e9e634993538db841165b3df74f37ec0", size = 710807 }
wheels = [
    { url = "https://files.pythonhosted.org/packages/92/ef/83e632cfa801b221570c5f58c0369db6fa6cef7d9ff859feab1aae1a8a0f/cryptography-44.0.2-cp37-abi3-macosx_10_9_universal2.whl", hash = "sha256:efcfe97d1b3c79e486554efddeb8f6f53a4cdd4cf6086642784fa31fc384e1d7", size = 6676361 },
    { url = "https://files.pythonhosted.org/packages/30/ec/7ea7c1e4c8fc8329506b46c6c4a52e2f20318425d48e0fe597977c71dbce/cryptography-44.0.2-cp37-abi3-manylinux_2_17_aarch64.manylinux2014_aarch64.whl", hash = "sha256:29ecec49f3ba3f3849362854b7253a9f59799e3763b0c9d0826259a88efa02f1", size = 3952350 },
    { url = "https://files.pythonhosted.org/packages/27/61/72e3afdb3c5ac510330feba4fc1faa0fe62e070592d6ad00c40bb69165e5/cryptography-44.0.2-cp37-abi3-manylinux_2_17_x86_64.manylinux2014_x86_64.whl", hash = "sha256:bc821e161ae88bfe8088d11bb39caf2916562e0a2dc7b6d56714a48b784ef0bb", size = 4166572 },
    { url = "https://files.pythonhosted.org/packages/26/e4/ba680f0b35ed4a07d87f9e98f3ebccb05091f3bf6b5a478b943253b3bbd5/cryptography-44.0.2-cp37-abi3-manylinux_2_28_aarch64.whl", hash = "sha256:3c00b6b757b32ce0f62c574b78b939afab9eecaf597c4d624caca4f9e71e7843", size = 3958124 },
    { url = "https://files.pythonhosted.org/packages/9c/e8/44ae3e68c8b6d1cbc59040288056df2ad7f7f03bbcaca6b503c737ab8e73/cryptography-44.0.2-cp37-abi3-manylinux_2_28_armv7l.manylinux_2_31_armv7l.whl", hash = "sha256:7bdcd82189759aba3816d1f729ce42ffded1ac304c151d0a8e89b9996ab863d5", size = 3678122 },
    { url = "https://files.pythonhosted.org/packages/27/7b/664ea5e0d1eab511a10e480baf1c5d3e681c7d91718f60e149cec09edf01/cryptography-44.0.2-cp37-abi3-manylinux_2_28_x86_64.whl", hash = "sha256:4973da6ca3db4405c54cd0b26d328be54c7747e89e284fcff166132eb7bccc9c", size = 4191831 },
    { url = "https://files.pythonhosted.org/packages/2a/07/79554a9c40eb11345e1861f46f845fa71c9e25bf66d132e123d9feb8e7f9/cryptography-44.0.2-cp37-abi3-manylinux_2_34_aarch64.whl", hash = "sha256:4e389622b6927d8133f314949a9812972711a111d577a5d1f4bee5e58736b80a", size = 3960583 },
    { url = "https://files.pythonhosted.org/packages/bb/6d/858e356a49a4f0b591bd6789d821427de18432212e137290b6d8a817e9bf/cryptography-44.0.2-cp37-abi3-manylinux_2_34_x86_64.whl", hash = "sha256:f514ef4cd14bb6fb484b4a60203e912cfcb64f2ab139e88c2274511514bf7308", size = 4191753 },
    { url = "https://files.pythonhosted.org/packages/b2/80/62df41ba4916067fa6b125aa8c14d7e9181773f0d5d0bd4dcef580d8b7c6/cryptography-44.0.2-cp37-abi3-musllinux_1_2_aarch64.whl", hash = "sha256:1bc312dfb7a6e5d66082c87c34c8a62176e684b6fe3d90fcfe1568de675e6688", size = 4079550 },
    { url = "https://files.pythonhosted.org/packages/f3/cd/2558cc08f7b1bb40683f99ff4327f8dcfc7de3affc669e9065e14824511b/cryptography-44.0.2-cp37-abi3-musllinux_1_2_x86_64.whl", hash = "sha256:3b721b8b4d948b218c88cb8c45a01793483821e709afe5f622861fc6182b20a7", size = 4298367 },
    { url = "https://files.pythonhosted.org/packages/71/59/94ccc74788945bc3bd4cf355d19867e8057ff5fdbcac781b1ff95b700fb1/cryptography-44.0.2-cp37-abi3-win32.whl", hash = "sha256:51e4de3af4ec3899d6d178a8c005226491c27c4ba84101bfb59c901e10ca9f79", size = 2772843 },
    { url = "https://files.pythonhosted.org/packages/ca/2c/0d0bbaf61ba05acb32f0841853cfa33ebb7a9ab3d9ed8bb004bd39f2da6a/cryptography-44.0.2-cp37-abi3-win_amd64.whl", hash = "sha256:c505d61b6176aaf982c5717ce04e87da5abc9a36a5b39ac03905c4aafe8de7aa", size = 3209057 },
    { url = "https://files.pythonhosted.org/packages/9e/be/7a26142e6d0f7683d8a382dd963745e65db895a79a280a30525ec92be890/cryptography-44.0.2-cp39-abi3-macosx_10_9_universal2.whl", hash = "sha256:8e0ddd63e6bf1161800592c71ac794d3fb8001f2caebe0966e77c5234fa9efc3", size = 6677789 },
    { url = "https://files.pythonhosted.org/packages/06/88/638865be7198a84a7713950b1db7343391c6066a20e614f8fa286eb178ed/cryptography-44.0.2-cp39-abi3-manylinux_2_17_aarch64.manylinux2014_aarch64.whl", hash = "sha256:81276f0ea79a208d961c433a947029e1a15948966658cf6710bbabb60fcc2639", size = 3951919 },
    { url = "https://files.pythonhosted.org/packages/d7/fc/99fe639bcdf58561dfad1faa8a7369d1dc13f20acd78371bb97a01613585/cryptography-44.0.2-cp39-abi3-manylinux_2_17_x86_64.manylinux2014_x86_64.whl", hash = "sha256:9a1e657c0f4ea2a23304ee3f964db058c9e9e635cc7019c4aa21c330755ef6fd", size = 4167812 },
    { url = "https://files.pythonhosted.org/packages/53/7b/aafe60210ec93d5d7f552592a28192e51d3c6b6be449e7fd0a91399b5d07/cryptography-44.0.2-cp39-abi3-manylinux_2_28_aarch64.whl", hash = "sha256:6210c05941994290f3f7f175a4a57dbbb2afd9273657614c506d5976db061181", size = 3958571 },
    { url = "https://files.pythonhosted.org/packages/16/32/051f7ce79ad5a6ef5e26a92b37f172ee2d6e1cce09931646eef8de1e9827/cryptography-44.0.2-cp39-abi3-manylinux_2_28_armv7l.manylinux_2_31_armv7l.whl", hash = "sha256:d1c3572526997b36f245a96a2b1713bf79ce99b271bbcf084beb6b9b075f29ea", size = 3679832 },
    { url = "https://files.pythonhosted.org/packages/78/2b/999b2a1e1ba2206f2d3bca267d68f350beb2b048a41ea827e08ce7260098/cryptography-44.0.2-cp39-abi3-manylinux_2_28_x86_64.whl", hash = "sha256:b042d2a275c8cee83a4b7ae30c45a15e6a4baa65a179a0ec2d78ebb90e4f6699", size = 4193719 },
    { url = "https://files.pythonhosted.org/packages/72/97/430e56e39a1356e8e8f10f723211a0e256e11895ef1a135f30d7d40f2540/cryptography-44.0.2-cp39-abi3-manylinux_2_34_aarch64.whl", hash = "sha256:d03806036b4f89e3b13b6218fefea8d5312e450935b1a2d55f0524e2ed7c59d9", size = 3960852 },
    { url = "https://files.pythonhosted.org/packages/89/33/c1cf182c152e1d262cac56850939530c05ca6c8d149aa0dcee490b417e99/cryptography-44.0.2-cp39-abi3-manylinux_2_34_x86_64.whl", hash = "sha256:c7362add18b416b69d58c910caa217f980c5ef39b23a38a0880dfd87bdf8cd23", size = 4193906 },
    { url = "https://files.pythonhosted.org/packages/e1/99/87cf26d4f125380dc674233971069bc28d19b07f7755b29861570e513650/cryptography-44.0.2-cp39-abi3-musllinux_1_2_aarch64.whl", hash = "sha256:8cadc6e3b5a1f144a039ea08a0bdb03a2a92e19c46be3285123d32029f40a922", size = 4081572 },
    { url = "https://files.pythonhosted.org/packages/b3/9f/6a3e0391957cc0c5f84aef9fbdd763035f2b52e998a53f99345e3ac69312/cryptography-44.0.2-cp39-abi3-musllinux_1_2_x86_64.whl", hash = "sha256:6f101b1f780f7fc613d040ca4bdf835c6ef3b00e9bd7125a4255ec574c7916e4", size = 4298631 },
    { url = "https://files.pythonhosted.org/packages/e2/a5/5bc097adb4b6d22a24dea53c51f37e480aaec3465285c253098642696423/cryptography-44.0.2-cp39-abi3-win32.whl", hash = "sha256:3dc62975e31617badc19a906481deacdeb80b4bb454394b4098e3f2525a488c5", size = 2773792 },
    { url = "https://files.pythonhosted.org/packages/33/cf/1f7649b8b9a3543e042d3f348e398a061923ac05b507f3f4d95f11938aa9/cryptography-44.0.2-cp39-abi3-win_amd64.whl", hash = "sha256:5f6f90b72d8ccadb9c6e311c775c8305381db88374c65fa1a68250aa8a9cb3a6", size = 3210957 },
]

[[package]]
name = "ecdsa"
version = "0.19.1"
source = { registry = "https://pypi.org/simple" }
dependencies = [
    { name = "six" },
]
sdist = { url = "https://files.pythonhosted.org/packages/c0/1f/924e3caae75f471eae4b26bd13b698f6af2c44279f67af317439c2f4c46a/ecdsa-0.19.1.tar.gz", hash = "sha256:478cba7b62555866fcb3bb3fe985e06decbdb68ef55713c4e5ab98c57d508e61", size = 201793 }
wheels = [
    { url = "https://files.pythonhosted.org/packages/cb/a3/460c57f094a4a165c84a1341c373b0a4f5ec6ac244b998d5021aade89b77/ecdsa-0.19.1-py2.py3-none-any.whl", hash = "sha256:30638e27cf77b7e15c4c4cc1973720149e1033827cfd00661ca5c8cc0cdb24c3", size = 150607 },
]

[[package]]
name = "esptool"
version = "4.8.1"
source = { registry = "https://pypi.org/simple" }
dependencies = [
    { name = "argcomplete", marker = "sys_platform != 'win32'" },
    { name = "bitstring" },
    { name = "cryptography" },
    { name = "ecdsa" },
    { name = "intelhex" },
    { name = "pyserial" },
    { name = "pyyaml" },
    { name = "reedsolo" },
]
sdist = { url = "https://files.pythonhosted.org/packages/5c/6b/3ce9bb7f36bdef3d6ae71646a1d3b7d59826a478f3ed8a783a93a2f8f537/esptool-4.8.1.tar.gz", hash = "sha256:dc4ef26b659e1a8dcb019147c0ea6d94980b34de99fbe09121c7941c8b254531", size = 409512 }

[[package]]
name = "intelhex"
version = "2.3.0"
source = { registry = "https://pypi.org/simple" }
sdist = { url = "https://files.pythonhosted.org/packages/66/37/1e7522494557d342a24cb236e2aec5d078fac8ed03ad4b61372586406b01/intelhex-2.3.0.tar.gz", hash = "sha256:892b7361a719f4945237da8ccf754e9513db32f5628852785aea108dcd250093", size = 44513 }
wheels = [
    { url = "https://files.pythonhosted.org/packages/97/78/79461288da2b13ed0a13deb65c4ad1428acb674b95278fa9abf1cefe62a2/intelhex-2.3.0-py2.py3-none-any.whl", hash = "sha256:87cc5225657524ec6361354be928adfd56bcf2a3dcc646c40f8f094c39c07db4", size = 50914 },
]

[[package]]
name = "micropython-project-template"
version = "0.1.0"
source = { virtual = "." }

[package.dev-dependencies]
dev = [
    { name = "esptool" },
    { name = "micropython-unix-stubs" },
    { name = "mpremote" },
    { name = "ruff" },
]

[package.metadata]

[package.metadata.requires-dev]
dev = [
    { name = "esptool", specifier = ">=4.8.1" },
    { name = "micropython-unix-stubs", specifier = "==1.24.1.post2" },
    { name = "mpremote", specifier = ">=1.24.1" },
    { name = "ruff", specifier = ">=0.11.0" },
]

[[package]]
name = "micropython-stdlib-stubs"
version = "1.24.1.post2"
source = { registry = "https://pypi.org/simple" }
wheels = [
    { url = "https://files.pythonhosted.org/packages/d0/5e/b26e6f7e3f3d412635bb3bab4d950bcb07d7d8ec01a358d05e1216977bc3/micropython_stdlib_stubs-1.24.1.post2-py3-none-any.whl", hash = "sha256:1ef3b2cf4f84cd8a96bf05184c09498a246b87435bcea0235f3b49861a1d1cd1", size = 145403 },
]

[[package]]
name = "micropython-unix-stubs"
version = "1.24.1.post2"
source = { registry = "https://pypi.org/simple" }
dependencies = [
    { name = "micropython-stdlib-stubs" },
]
sdist = { url = "https://files.pythonhosted.org/packages/11/8a/0d1fa0ee529c13f0ee362a5183d1ad5b889217094c880f27e0852424eaab/micropython_unix_stubs-1.24.1.post2.tar.gz", hash = "sha256:9bf0dcc0bdc4b23e8deb364b3d92af776f1da31f034d0c9508c8d3ec87f78419", size = 46627 }
wheels = [
    { url = "https://files.pythonhosted.org/packages/c0/77/107dbbb6f8a225d99cf1bdb567201d37a10ac0eb5a0ed065e9f9b2e9d15a/micropython_unix_stubs-1.24.1.post2-py2.py3-none-any.whl", hash = "sha256:57a1adcb78cf02cd6eb5225abfa1a59778606ed181e8c197268b3ae770c5eaec", size = 66638 },
]

[[package]]
name = "mpremote"
version = "1.24.1"
source = { registry = "https://pypi.org/simple" }
dependencies = [
    { name = "pyserial" },
]
sdist = { url = "https://files.pythonhosted.org/packages/17/8f/1524e4ad13bb3169f10b2e859753114a2bae3ae6944e1d1e48e96838c1ce/mpremote-1.24.1.tar.gz", hash = "sha256:1a3c16d255748cfe54d4a897908651fc8286233173f7c7b2a0e56ae4b9fa940e", size = 25205 }
wheels = [
    { url = "https://files.pythonhosted.org/packages/ee/08/39e3cf836602825eefa53127e7b8d3a64cded8d3f639f9c67d823583e029/mpremote-1.24.1-py3-none-any.whl", hash = "sha256:d3ae3d0a0ae7713c537be2b6afadd11c7cde5f1750ea1260f6667bb80071b15b", size = 29291 },
]

[[package]]
name = "pycparser"
version = "2.22"
source = { registry = "https://pypi.org/simple" }
sdist = { url = "https://files.pythonhosted.org/packages/1d/b2/31537cf4b1ca988837256c910a668b553fceb8f069bedc4b1c826024b52c/pycparser-2.22.tar.gz", hash = "sha256:491c8be9c040f5390f5bf44a5b07752bd07f56edf992381b05c701439eec10f6", size = 172736 }
wheels = [
    { url = "https://files.pythonhosted.org/packages/13/a3/a812df4e2dd5696d1f351d58b8fe16a405b234ad2886a0dab9183fb78109/pycparser-2.22-py3-none-any.whl", hash = "sha256:c3702b6d3dd8c7abc1afa565d7e63d53a1d0bd86cdc24edd75470f4de499cfcc", size = 117552 },
]

[[package]]
name = "pyserial"
version = "3.5"
source = { registry = "https://pypi.org/simple" }
sdist = { url = "https://files.pythonhosted.org/packages/1e/7d/ae3f0a63f41e4d2f6cb66a5b57197850f919f59e558159a4dd3a818f5082/pyserial-3.5.tar.gz", hash = "sha256:3c77e014170dfffbd816e6ffc205e9842efb10be9f58ec16d3e8675b4925cddb", size = 159125 }
wheels = [
    { url = "https://files.pythonhosted.org/packages/07/bc/587a445451b253b285629263eb51c2d8e9bcea4fc97826266d186f96f558/pyserial-3.5-py2.py3-none-any.whl", hash = "sha256:c4451db6ba391ca6ca299fb3ec7bae67a5c55dde170964c7a14ceefec02f2cf0", size = 90585 },
]

[[package]]
name = "pyyaml"
version = "6.0.2"
source = { registry = "https://pypi.org/simple" }
sdist = { url = "https://files.pythonhosted.org/packages/54/ed/79a089b6be93607fa5cdaedf301d7dfb23af5f25c398d5ead2525b063e17/pyyaml-6.0.2.tar.gz", hash = "sha256:d584d9ec91ad65861cc08d42e834324ef890a082e591037abe114850ff7bbc3e", size = 130631 }
wheels = [
    { url = "https://files.pythonhosted.org/packages/ef/e3/3af305b830494fa85d95f6d95ef7fa73f2ee1cc8ef5b495c7c3269fb835f/PyYAML-6.0.2-cp313-cp313-macosx_10_13_x86_64.whl", hash = "sha256:efdca5630322a10774e8e98e1af481aad470dd62c3170801852d752aa7a783ba", size = 181309 },
    { url = "https://files.pythonhosted.org/packages/45/9f/3b1c20a0b7a3200524eb0076cc027a970d320bd3a6592873c85c92a08731/PyYAML-6.0.2-cp313-cp313-macosx_11_0_arm64.whl", hash = "sha256:50187695423ffe49e2deacb8cd10510bc361faac997de9efef88badc3bb9e2d1", size = 171679 },
    { url = "https://files.pythonhosted.org/packages/7c/9a/337322f27005c33bcb656c655fa78325b730324c78620e8328ae28b64d0c/PyYAML-6.0.2-cp313-cp313-manylinux_2_17_aarch64.manylinux2014_aarch64.whl", hash = "sha256:0ffe8360bab4910ef1b9e87fb812d8bc0a308b0d0eef8c8f44e0254ab3b07133", size = 733428 },
    { url = "https://files.pythonhosted.org/packages/a3/69/864fbe19e6c18ea3cc196cbe5d392175b4cf3d5d0ac1403ec3f2d237ebb5/PyYAML-6.0.2-cp313-cp313-manylinux_2_17_s390x.manylinux2014_s390x.whl", hash = "sha256:17e311b6c678207928d649faa7cb0d7b4c26a0ba73d41e99c4fff6b6c3276484", size = 763361 },
    { url = "https://files.pythonhosted.org/packages/04/24/b7721e4845c2f162d26f50521b825fb061bc0a5afcf9a386840f23ea19fa/PyYAML-6.0.2-cp313-cp313-manylinux_2_17_x86_64.manylinux2014_x86_64.whl", hash = "sha256:70b189594dbe54f75ab3a1acec5f1e3faa7e8cf2f1e08d9b561cb41b845f69d5", size = 759523 },
    { url = "https://files.pythonhosted.org/packages/2b/b2/e3234f59ba06559c6ff63c4e10baea10e5e7df868092bf9ab40e5b9c56b6/PyYAML-6.0.2-cp313-cp313-musllinux_1_1_aarch64.whl", hash = "sha256:41e4e3953a79407c794916fa277a82531dd93aad34e29c2a514c2c0c5fe971cc", size = 726660 },
    { url = "https://files.pythonhosted.org/packages/fe/0f/25911a9f080464c59fab9027482f822b86bf0608957a5fcc6eaac85aa515/PyYAML-6.0.2-cp313-cp313-musllinux_1_1_x86_64.whl", hash = "sha256:68ccc6023a3400877818152ad9a1033e3db8625d899c72eacb5a668902e4d652", size = 751597 },
    { url = "https://files.pythonhosted.org/packages/14/0d/e2c3b43bbce3cf6bd97c840b46088a3031085179e596d4929729d8d68270/PyYAML-6.0.2-cp313-cp313-win32.whl", hash = "sha256:bc2fa7c6b47d6bc618dd7fb02ef6fdedb1090ec036abab80d4681424b84c1183", size = 140527 },
    { url = "https://files.pythonhosted.org/packages/fa/de/02b54f42487e3d3c6efb3f89428677074ca7bf43aae402517bc7cca949f3/PyYAML-6.0.2-cp313-cp313-win_amd64.whl", hash = "sha256:8388ee1976c416731879ac16da0aff3f63b286ffdd57cdeb95f3f2e085687563", size = 156446 },
]

[[package]]
name = "reedsolo"
version = "1.7.0"
source = { registry = "https://pypi.org/simple" }
sdist = { url = "https://files.pythonhosted.org/packages/f7/61/a67338cbecf370d464e71b10e9a31355f909d6937c3a8d6b17dd5d5beb5e/reedsolo-1.7.0.tar.gz", hash = "sha256:c1359f02742751afe0f1c0de9f0772cc113835aa2855d2db420ea24393c87732", size = 59723 }
wheels = [
    { url = "https://files.pythonhosted.org/packages/09/19/1bb346c0e581557c88946d2bb979b2bee8992e72314cfb418b5440e383db/reedsolo-1.7.0-py3-none-any.whl", hash = "sha256:2b6a3e402a1ee3e1eea3f932f81e6c0b7bbc615588074dca1dbbcdeb055002bd", size = 32360 },
]

[[package]]
name = "ruff"
version = "0.11.0"
source = { registry = "https://pypi.org/simple" }
sdist = { url = "https://files.pythonhosted.org/packages/77/2b/7ca27e854d92df5e681e6527dc0f9254c9dc06c8408317893cf96c851cdd/ruff-0.11.0.tar.gz", hash = "sha256:e55c620690a4a7ee6f1cccb256ec2157dc597d109400ae75bbf944fc9d6462e2", size = 3799407 }
wheels = [
    { url = "https://files.pythonhosted.org/packages/48/40/3d0340a9e5edc77d37852c0cd98c5985a5a8081fc3befaeb2ae90aaafd2b/ruff-0.11.0-py3-none-linux_armv6l.whl", hash = "sha256:dc67e32bc3b29557513eb7eeabb23efdb25753684b913bebb8a0c62495095acb", size = 10098158 },
    { url = "https://files.pythonhosted.org/packages/ec/a9/d8f5abb3b87b973b007649ac7bf63665a05b2ae2b2af39217b09f52abbbf/ruff-0.11.0-py3-none-macosx_10_12_x86_64.whl", hash = "sha256:38c23fd9bdec4eb437b4c1e3595905a0a8edfccd63a790f818b28c78fe345639", size = 10879071 },
    { url = "https://files.pythonhosted.org/packages/ab/62/aaa198614c6211677913ec480415c5e6509586d7b796356cec73a2f8a3e6/ruff-0.11.0-py3-none-macosx_11_0_arm64.whl", hash = "sha256:7c8661b0be91a38bd56db593e9331beaf9064a79028adee2d5f392674bbc5e88", size = 10247944 },
    { url = "https://files.pythonhosted.org/packages/9f/52/59e0a9f2cf1ce5e6cbe336b6dd0144725c8ea3b97cac60688f4e7880bf13/ruff-0.11.0-py3-none-manylinux_2_17_aarch64.manylinux2014_aarch64.whl", hash = "sha256:b6c0e8d3d2db7e9f6efd884f44b8dc542d5b6b590fc4bb334fdbc624d93a29a2", size = 10421725 },
    { url = "https://files.pythonhosted.org/packages/a6/c3/dcd71acc6dff72ce66d13f4be5bca1dbed4db678dff2f0f6f307b04e5c02/ruff-0.11.0-py3-none-manylinux_2_17_armv7l.manylinux2014_armv7l.whl", hash = "sha256:3c3156d3f4b42e57247275a0a7e15a851c165a4fc89c5e8fa30ea6da4f7407b8", size = 9954435 },
    { url = "https://files.pythonhosted.org/packages/a6/9a/342d336c7c52dbd136dee97d4c7797e66c3f92df804f8f3b30da59b92e9c/ruff-0.11.0-py3-none-manylinux_2_17_i686.manylinux2014_i686.whl", hash = "sha256:490b1e147c1260545f6d041c4092483e3f6d8eba81dc2875eaebcf9140b53905", size = 11492664 },
    { url = "https://files.pythonhosted.org/packages/84/35/6e7defd2d7ca95cc385ac1bd9f7f2e4a61b9cc35d60a263aebc8e590c462/ruff-0.11.0-py3-none-manylinux_2_17_ppc64.manylinux2014_ppc64.whl", hash = "sha256:1bc09a7419e09662983b1312f6fa5dab829d6ab5d11f18c3760be7ca521c9329", size = 12207856 },
    { url = "https://files.pythonhosted.org/packages/22/78/da669c8731bacf40001c880ada6d31bcfb81f89cc996230c3b80d319993e/ruff-0.11.0-py3-none-manylinux_2_17_ppc64le.manylinux2014_ppc64le.whl", hash = "sha256:bcfa478daf61ac8002214eb2ca5f3e9365048506a9d52b11bea3ecea822bb844", size = 11645156 },
    { url = "https://files.pythonhosted.org/packages/ee/47/e27d17d83530a208f4a9ab2e94f758574a04c51e492aa58f91a3ed7cbbcb/ruff-0.11.0-py3-none-manylinux_2_17_s390x.manylinux2014_s390x.whl", hash = "sha256:6fbb2aed66fe742a6a3a0075ed467a459b7cedc5ae01008340075909d819df1e", size = 13884167 },
    { url = "https://files.pythonhosted.org/packages/9f/5e/42ffbb0a5d4b07bbc642b7d58357b4e19a0f4774275ca6ca7d1f7b5452cd/ruff-0.11.0-py3-none-manylinux_2_17_x86_64.manylinux2014_x86_64.whl", hash = "sha256:92c0c1ff014351c0b0cdfdb1e35fa83b780f1e065667167bb9502d47ca41e6db", size = 11348311 },
    { url = "https://files.pythonhosted.org/packages/c8/51/dc3ce0c5ce1a586727a3444a32f98b83ba99599bb1ebca29d9302886e87f/ruff-0.11.0-py3-none-musllinux_1_2_aarch64.whl", hash = "sha256:e4fd5ff5de5f83e0458a138e8a869c7c5e907541aec32b707f57cf9a5e124445", size = 10305039 },
    { url = "https://files.pythonhosted.org/packages/60/e0/475f0c2f26280f46f2d6d1df1ba96b3399e0234cf368cc4c88e6ad10dcd9/ruff-0.11.0-py3-none-musllinux_1_2_armv7l.whl", hash = "sha256:96bc89a5c5fd21a04939773f9e0e276308be0935de06845110f43fd5c2e4ead7", size = 9937939 },
    { url = "https://files.pythonhosted.org/packages/e2/d3/3e61b7fd3e9cdd1e5b8c7ac188bec12975c824e51c5cd3d64caf81b0331e/ruff-0.11.0-py3-none-musllinux_1_2_i686.whl", hash = "sha256:a9352b9d767889ec5df1483f94870564e8102d4d7e99da52ebf564b882cdc2c7", size = 10923259 },
    { url = "https://files.pythonhosted.org/packages/30/32/cd74149ebb40b62ddd14bd2d1842149aeb7f74191fb0f49bd45c76909ff2/ruff-0.11.0-py3-none-musllinux_1_2_x86_64.whl", hash = "sha256:049a191969a10897fe052ef9cc7491b3ef6de79acd7790af7d7897b7a9bfbcb6", size = 11406212 },
    { url = "https://files.pythonhosted.org/packages/00/ef/033022a6b104be32e899b00de704d7c6d1723a54d4c9e09d147368f14b62/ruff-0.11.0-py3-none-win32.whl", hash = "sha256:3191e9116b6b5bbe187447656f0c8526f0d36b6fd89ad78ccaad6bdc2fad7df2", size = 10310905 },
    { url = "https://files.pythonhosted.org/packages/ed/8a/163f2e78c37757d035bd56cd60c8d96312904ca4a6deeab8442d7b3cbf89/ruff-0.11.0-py3-none-win_amd64.whl", hash = "sha256:c58bfa00e740ca0a6c43d41fb004cd22d165302f360aaa56f7126d544db31a21", size = 11411730 },
    { url = "https://files.pythonhosted.org/packages/4e/f7/096f6efabe69b49d7ca61052fc70289c05d8d35735c137ef5ba5ef423662/ruff-0.11.0-py3-none-win_arm64.whl", hash = "sha256:868364fc23f5aa122b00c6f794211e85f7e78f5dffdf7c590ab90b8c4e69b657", size = 10538956 },
]

[[package]]
name = "six"
version = "1.17.0"
source = { registry = "https://pypi.org/simple" }
sdist = { url = "https://files.pythonhosted.org/packages/94/e7/b2c673351809dca68a0e064b6af791aa332cf192da575fd474ed7d6f16a2/six-1.17.0.tar.gz", hash = "sha256:ff70335d468e7eb6ec65b95b99d3a2836546063f63acc5171de367e834932a81", size = 34031 }
wheels = [
    { url = "https://files.pythonhosted.org/packages/b7/ce/149a00dd41f10bc29e5921b496af8b574d8413afcd5e30dfa0ed46c2cc5e/six-1.17.0-py2.py3-none-any.whl", hash = "sha256:4721f391ed90541fddacab5acf947aa0d3dc7d27b2e1e8eda2be8970586c3274", size = 11050 },
]
